<?xml version="1.0" encoding="utf-8"?>
<Project ToolsVersion="4.0" xmlns="http://schemas.microsoft.com/developer/msbuild/2003">
  <ItemGroup>
    <Filter Include="Source Files">
      <UniqueIdentifier>{4FC737F1-C7A5-4376-A066-2A32D752A2FF}</UniqueIdentifier>
      <Extensions>cpp;c;cc;cxx;def;odl;idl;hpj;bat;asm;asmx</Extensions>
    </Filter>
    <Filter Include="Header Files">
      <UniqueIdentifier>{93995380-89BD-4b04-88EB-625FBE52EBFB}</UniqueIdentifier>
      <Extensions>h;hh;hpp;hxx;hm;inl;inc;ipp;xsd</Extensions>
    </Filter>
    <Filter Include="Resource Files">
      <UniqueIdentifier>{67DA6AB6-F800-4c08-8B7A-83BB121AAD01}</UniqueIdentifier>
      <Extensions>rc;ico;cur;bmp;dlg;rc2;rct;bin;rgs;gif;jpg;jpeg;jpe;resx;tiff;tif;png;wav;mfcribbon-ms</Extensions>
    </Filter>
    <Filter Include="Source Files\Kairos">
      <UniqueIdentifier>{f5fda8d4-08b8-45b6-91eb-185f2ae78851}</UniqueIdentifier>
    </Filter>
  </ItemGroup>
  <ItemGroup>
    <ClCompile Include="main.cpp">
      <Filter>Source Files</Filter>
    </ClCompile>
    <ClCompile Include="Collision.cpp">
      <Filter>Source Files</Filter>
    </ClCompile>
    <ClCompile Include="Kairos\Absorel.cpp">
      <Filter>Source Files\Kairos</Filter>
    </ClCompile>
    <ClCompile Include="Kairos\BasicClock.cpp">
      <Filter>Source Files\Kairos</Filter>
    </ClCompile>
    <ClCompile Include="Kairos\Continuum.cpp">
      <Filter>Source Files\Kairos</Filter>
    </ClCompile>
    <ClCompile Include="Kairos\Duration.cpp">
      <Filter>Source Files\Kairos</Filter>
    </ClCompile>
    <ClCompile Include="Kairos\FpsLite.cpp">
      <Filter>Source Files\Kairos</Filter>
    </ClCompile>
    <ClCompile Include="Kairos\Stopwatch.cpp">
      <Filter>Source Files\Kairos</Filter>
    </ClCompile>
    <ClCompile Include="Kairos\Timer.cpp">
      <Filter>Source Files\Kairos</Filter>
    </ClCompile>
    <ClCompile Include="Kairos\Timestep.cpp">
      <Filter>Source Files\Kairos</Filter>
    </ClCompile>
    <ClCompile Include="Kairos\TimestepLite.cpp">
      <Filter>Source Files\Kairos</Filter>
    </ClCompile>
  </ItemGroup>
  <ItemGroup>
    <ClInclude Include="player.h">
      <Filter>Source Files</Filter>
    </ClInclude>
    <ClInclude Include="npc.h">
      <Filter>Source Files</Filter>
    </ClInclude>
    <ClInclude Include="custom_utility.h">
      <Filter>Source Files</Filter>
    </ClInclude>
    <ClInclude Include="object.h">
      <Filter>Source Files</Filter>
    </ClInclude>
    <ClInclude Include="text_box.h">
      <Filter>Source Files</Filter>
    </ClInclude>
    <ClInclude Include="tilemap.h">
      <Filter>Source Files</Filter>
    </ClInclude>
    <ClInclude Include="ghost.h">
      <Filter>Source Files</Filter>
    </ClInclude>
    <ClInclude Include="Collision.hpp">
      <Filter>Source Files</Filter>
    </ClInclude>
    <ClInclude Include="solid_obj.h">
      <Filter>Source Files</Filter>
    </ClInclude>
    <ClInclude Include="map_parser.h">
      <Filter>Source Files</Filter>
    </ClInclude>
    <ClInclude Include="Kairos\Absorel.hpp">
      <Filter>Source Files\Kairos</Filter>
    </ClInclude>
    <ClInclude Include="Kairos\all.hpp">
      <Filter>Source Files\Kairos</Filter>
    </ClInclude>
    <ClInclude Include="Kairos\BasicClock.hpp">
      <Filter>Source Files\Kairos</Filter>
    </ClInclude>
    <ClInclude Include="Kairos\Continuum.hpp">
      <Filter>Source Files\Kairos</Filter>
    </ClInclude>
    <ClInclude Include="Kairos\Duration.hpp">
      <Filter>Source Files\Kairos</Filter>
    </ClInclude>
    <ClInclude Include="Kairos\FpsLite.hpp">
      <Filter>Source Files\Kairos</Filter>
    </ClInclude>
    <ClInclude Include="Kairos\Stopwatch.hpp">
      <Filter>Source Files\Kairos</Filter>
    </ClInclude>
    <ClInclude Include="Kairos\Timer.hpp">
      <Filter>Source Files\Kairos</Filter>
    </ClInclude>
    <ClInclude Include="Kairos\Timestep.hpp">
      <Filter>Source Files\Kairos</Filter>
    </ClInclude>
    <ClInclude Include="Kairos\TimestepLite.hpp">
      <Filter>Source Files\Kairos</Filter>
    </ClInclude>
    <ClInclude Include="Kairos\Yalpes.hpp">
      <Filter>Source Files\Kairos</Filter>
    </ClInclude>
    <ClInclude Include="door.h">
      <Filter>Source Files</Filter>
    </ClInclude>
  </ItemGroup>
  <ItemGroup>
    <None Include="Kairos\Absorel.inl">
      <Filter>Source Files\Kairos</Filter>
    </None>
    <None Include="Kairos\Yalpes.inl">
      <Filter>Source Files\Kairos</Filter>
    </None>
  </ItemGroup>
</Project>