<?xml version="1.0" encoding="utf-8"?>
<Project ToolsVersion="4.0" xmlns="http://schemas.microsoft.com/developer/msbuild/2003">
  <ItemGroup>
    <ClCompile Include="Collision.cpp" />
    <ClCompile Include="main.cpp" />
    <ClCompile Include="Kairos\Absorel.cpp">
      <Filter>Kairos</Filter>
    </ClCompile>
    <ClCompile Include="Kairos\BasicClock.cpp">
      <Filter>Kairos</Filter>
    </ClCompile>
    <ClCompile Include="Kairos\Continuum.cpp">
      <Filter>Kairos</Filter>
    </ClCompile>
    <ClCompile Include="Kairos\Duration.cpp">
      <Filter>Kairos</Filter>
    </ClCompile>
    <ClCompile Include="Kairos\FpsLite.cpp">
      <Filter>Kairos</Filter>
    </ClCompile>
    <ClCompile Include="Kairos\Stopwatch.cpp">
      <Filter>Kairos</Filter>
    </ClCompile>
    <ClCompile Include="Kairos\Timer.cpp">
      <Filter>Kairos</Filter>
    </ClCompile>
    <ClCompile Include="Kairos\Timestep.cpp">
      <Filter>Kairos</Filter>
    </ClCompile>
    <ClCompile Include="Kairos\TimestepLite.cpp">
      <Filter>Kairos</Filter>
    </ClCompile>
  </ItemGroup>
  <ItemGroup>
    <ClInclude Include="button.h" />
    <ClInclude Include="Collision.hpp" />
    <ClInclude Include="custom_utility.h" />
    <ClInclude Include="door.h" />
    <ClInclude Include="ghost.h" />
    <ClInclude Include="map_parser.h" />
    <ClInclude Include="npc.h" />
    <ClInclude Include="object.h" />
    <ClInclude Include="player.h" />
    <ClInclude Include="solid_obj.h" />
    <ClInclude Include="text_box.h" />
    <ClInclude Include="tilemap.h" />
    <ClInclude Include="Kairos\Absorel.hpp">
      <Filter>Kairos</Filter>
    </ClInclude>
    <ClInclude Include="Kairos\all.hpp">
      <Filter>Kairos</Filter>
    </ClInclude>
    <ClInclude Include="Kairos\BasicClock.hpp">
      <Filter>Kairos</Filter>
    </ClInclude>
    <ClInclude Include="Kairos\Continuum.hpp">
      <Filter>Kairos</Filter>
    </ClInclude>
    <ClInclude Include="Kairos\Duration.hpp">
      <Filter>Kairos</Filter>
    </ClInclude>
    <ClInclude Include="Kairos\FpsLite.hpp">
      <Filter>Kairos</Filter>
    </ClInclude>
    <ClInclude Include="Kairos\Stopwatch.hpp">
      <Filter>Kairos</Filter>
    </ClInclude>
    <ClInclude Include="Kairos\Timer.hpp">
      <Filter>Kairos</Filter>
    </ClInclude>
    <ClInclude Include="Kairos\Timestep.hpp">
      <Filter>Kairos</Filter>
    </ClInclude>
    <ClInclude Include="Kairos\TimestepLite.hpp">
      <Filter>Kairos</Filter>
    </ClInclude>
    <ClInclude Include="Kairos\Yalpes.hpp">
      <Filter>Kairos</Filter>
    </ClInclude>
    <ClInclude Include="event.h" />
    <ClInclude Include="trigger_obj.h" />
  </ItemGroup>
  <ItemGroup>
    <Library Include="..\sfml\lib\sfml-audio.lib">
      <Filter>sfml</Filter>
    </Library>
    <Library Include="..\sfml\lib\sfml-audio-d.lib">
      <Filter>sfml</Filter>
    </Library>
    <Library Include="..\sfml\lib\sfml-audio-s.lib">
      <Filter>sfml</Filter>
    </Library>
    <Library Include="..\sfml\lib\sfml-audio-s-d.lib">
      <Filter>sfml</Filter>
    </Library>
    <Library Include="..\sfml\lib\sfml-graphics.lib">
      <Filter>sfml</Filter>
    </Library>
    <Library Include="..\sfml\lib\sfml-graphics-d.lib">
      <Filter>sfml</Filter>
    </Library>
    <Library Include="..\sfml\lib\sfml-graphics-s.lib">
      <Filter>sfml</Filter>
    </Library>
    <Library Include="..\sfml\lib\sfml-graphics-s-d.lib">
      <Filter>sfml</Filter>
    </Library>
    <Library Include="..\sfml\lib\sfml-main.lib">
      <Filter>sfml</Filter>
    </Library>
    <Library Include="..\sfml\lib\sfml-main-d.lib">
      <Filter>sfml</Filter>
    </Library>
    <Library Include="..\sfml\lib\sfml-network.lib">
      <Filter>sfml</Filter>
    </Library>
    <Library Include="..\sfml\lib\sfml-network-d.lib">
      <Filter>sfml</Filter>
    </Library>
    <Library Include="..\sfml\lib\sfml-network-s.lib">
      <Filter>sfml</Filter>
    </Library>
    <Library Include="..\sfml\lib\sfml-network-s-d.lib">
      <Filter>sfml</Filter>
    </Library>
    <Library Include="..\sfml\lib\sfml-system.lib">
      <Filter>sfml</Filter>
    </Library>
    <Library Include="..\sfml\lib\sfml-system-d.lib">
      <Filter>sfml</Filter>
    </Library>
    <Library Include="..\sfml\lib\sfml-system-s.lib">
      <Filter>sfml</Filter>
    </Library>
    <Library Include="..\sfml\lib\sfml-system-s-d.lib">
      <Filter>sfml</Filter>
    </Library>
    <Library Include="..\sfml\lib\sfml-window.lib">
      <Filter>sfml</Filter>
    </Library>
    <Library Include="..\sfml\lib\sfml-window-d.lib">
      <Filter>sfml</Filter>
    </Library>
    <Library Include="..\sfml\lib\sfml-window-s.lib">
      <Filter>sfml</Filter>
    </Library>
    <Library Include="..\sfml\lib\sfml-window-s-d.lib">
      <Filter>sfml</Filter>
    </Library>
    <Library Include="..\sfml\lib\openal32.lib">
      <Filter>sfml</Filter>
    </Library>
    <Library Include="..\sfml\lib\ogg.lib">
      <Filter>sfml</Filter>
    </Library>
    <Library Include="..\sfml\lib\freetype.lib">
      <Filter>sfml</Filter>
    </Library>
    <Library Include="..\sfml\lib\flac.lib">
      <Filter>sfml</Filter>
    </Library>
    <Library Include="..\sfml\lib\vorbisfile.lib">
      <Filter>sfml</Filter>
    </Library>
    <Library Include="..\sfml\lib\vorbisenc.lib">
      <Filter>sfml</Filter>
    </Library>
    <Library Include="..\sfml\lib\vorbis.lib">
      <Filter>sfml</Filter>
    </Library>
  </ItemGroup>
  <ItemGroup>
    <None Include="..\sfml\lib\sfml-window-s-d.pdb">
      <Filter>sfml</Filter>
    </None>
    <None Include="..\sfml\lib\sfml-audio-d.pdb">
      <Filter>sfml</Filter>
    </None>
    <None Include="..\sfml\lib\sfml-audio-s-d.pdb">
      <Filter>sfml</Filter>
    </None>
    <None Include="..\sfml\lib\sfml-graphics-d.pdb">
      <Filter>sfml</Filter>
    </None>
    <None Include="..\sfml\lib\sfml-graphics-s-d.pdb">
      <Filter>sfml</Filter>
    </None>
    <None Include="..\sfml\lib\sfml-main-s-d.pdb">
      <Filter>sfml</Filter>
    </None>
    <None Include="..\sfml\lib\sfml-network-d.pdb">
      <Filter>sfml</Filter>
    </None>
    <None Include="..\sfml\lib\sfml-network-s-d.pdb">
      <Filter>sfml</Filter>
    </None>
    <None Include="..\sfml\lib\sfml-system-d.pdb">
      <Filter>sfml</Filter>
    </None>
    <None Include="..\sfml\lib\sfml-system-s-d.pdb">
      <Filter>sfml</Filter>
    </None>
    <None Include="..\sfml\lib\sfml-window-d.pdb">
      <Filter>sfml</Filter>
    </None>
    <None Include="Kairos\Absorel.inl">
      <Filter>Kairos</Filter>
    </None>
    <None Include="Kairos\Yalpes.inl">
      <Filter>Kairos</Filter>
    </None>
  </ItemGroup>
  <ItemGroup>
    <Filter Include="sfml">
      <UniqueIdentifier>{aef52939-2927-431c-a740-239079c76aa7}</UniqueIdentifier>
    </Filter>
    <Filter Include="Kairos">
      <UniqueIdentifier>{60792373-ba4a-43a3-9b0f-138ed6e8f163}</UniqueIdentifier>
    </Filter>
  </ItemGroup>
</Project>